
Microsoft Visual Studio Solution File, Format Version 12.00
# Visual Studio 15
VisualStudioVersion = 15.0.26730.3
MinimumVisualStudioVersion = 10.0.40219.1
Project("{FAE04EC0-301F-11D3-BF4B-00C04F79EFBC}") = "SimpleShoppingList", "SimpleShoppingList\SimpleShoppingList.csproj", "{40DA31EC-08A7-48F7-A8E6-430B52F798AF}"
EndProject
Global
	GlobalSection(SolutionConfigurationPlatforms) = preSolution
		Debug|Any CPU = Debug|Any CPU
		Release|Any CPU = Release|Any CPU
	EndGlobalSection
	GlobalSection(ProjectConfigurationPlatforms) = postSolution
		{40DA31EC-08A7-48F7-A8E6-430B52F798AF}.Debug|Any CPU.ActiveCfg = Debug|Any CPU
		{40DA31EC-08A7-48F7-A8E6-430B52F798AF}.Debug|Any CPU.Build.0 = Debug|Any CPU
		{40DA31EC-08A7-48F7-A8E6-430B52F798AF}.Release|Any CPU.ActiveCfg = Release|Any CPU
		{40DA31EC-08A7-48F7-A8E6-430B52F798AF}.Release|Any CPU.Build.0 = Release|Any CPU
	EndGlobalSection
	GlobalSection(SolutionProperties) = preSolution
		HideSolutionNode = FALSE
	EndGlobalSection
	GlobalSection(ExtensibilityGlobals) = postSolution
		SolutionGuid = {696655FC-04F6-4029-94F1-C81E4908584E}
	EndGlobalSection
EndGlobal
